
Microsoft Visual Studio Solution File, Format Version 12.00
# Visual Studio Version 16
VisualStudioVersion = 16.0.31702.278
MinimumVisualStudioVersion = 10.0.40219.1
Project("{FAE04EC0-301F-11D3-BF4B-00C04F79EFBC}") = "CSTEST", "CSTEST.csproj", "{A2BA92F1-598F-4759-ADC6-63F37F58C110}"
EndProject
Global
	GlobalSection(SolutionConfigurationPlatforms) = preSolution
		Debug|Any CPU = Debug|Any CPU
		Release|Any CPU = Release|Any CPU
	EndGlobalSection
	GlobalSection(ProjectConfigurationPlatforms) = postSolution
		{A2BA92F1-598F-4759-ADC6-63F37F58C110}.Debug|Any CPU.ActiveCfg = Debug|Any CPU
		{A2BA92F1-598F-4759-ADC6-63F37F58C110}.Debug|Any CPU.Build.0 = Debug|Any CPU
		{A2BA92F1-598F-4759-ADC6-63F37F58C110}.Release|Any CPU.ActiveCfg = Release|Any CPU
		{A2BA92F1-598F-4759-ADC6-63F37F58C110}.Release|Any CPU.Build.0 = Release|Any CPU
	EndGlobalSection
	GlobalSection(SolutionProperties) = preSolution
		HideSolutionNode = FALSE
	EndGlobalSection
	GlobalSection(ExtensibilityGlobals) = postSolution
		SolutionGuid = {980D3C40-ED03-4822-8A68-2AF18C7A4C02}
	EndGlobalSection
EndGlobal
